
Microsoft Visual Studio Solution File, Format Version 10.00
# Visual Studio 2008
# $Id: VC9WorkspaceCreator.pm 1577 2009-05-07 15:44:53Z elliott_c $
#
# This file was generated by MPC.  Any changes made directly to
# this file will be lost the next time it is generated.
#
# MPC Command:
# /export/anduriltmp/bczar/DOC_ROOT/stage-4495/ACE_wrappers/bin/mwc.pl -type vc9 -static -name_modifier "*_vc9_Static" -apply_project -exclude TAO/CIAO -recurse -hierarchy -relative ACE_ROOT=/export/anduriltmp/bczar/DOC_ROOT/stage-4495/ACE_wrappers -relative TAO_ROOT=/export/anduriltmp/bczar/DOC_ROOT/stage-4495/ACE_wrappers/TAO -relative CIAO_ROOT=/export/anduriltmp/bczar/DOC_ROOT/stage-4495/ACE_wrappers/TAO/CIAO
Project("{8BC9CEB8-8B4A-11D0-8D11-00A0C91BC942}") = "Bytes_Sent_vc9_Static", "Bytes_Sent\Bytes_Sent_vc9_Static.vcproj", "{7FF79D17-FECA-1BAD-57C8-A8092867A5CD}"
	ProjectSection(ProjectDependencies) = postProject
		{99CE9F70-FECA-1BAD-6ECA-CFEFD070A0DD} = {99CE9F70-FECA-1BAD-6ECA-CFEFD070A0DD}
	EndProjectSection
EndProject
Project("{8BC9CEB8-8B4A-11D0-8D11-00A0C91BC942}") = "CPU_Load_vc9_Static", "CPU_Load\CPU_Load_vc9_Static.vcproj", "{1E092750-FECA-1BAD-A972-EF686201A482}"
	ProjectSection(ProjectDependencies) = postProject
		{99CE9F70-FECA-1BAD-6ECA-CFEFD070A0DD} = {99CE9F70-FECA-1BAD-6ECA-CFEFD070A0DD}
	EndProjectSection
EndProject
Project("{8BC9CEB8-8B4A-11D0-8D11-00A0C91BC942}") = "Constraint_vc9_Static", "Constraint\Constraint_vc9_Static.vcproj", "{21DB9AA1-FECA-1BAD-7BCF-1E579E3989CA}"
	ProjectSection(ProjectDependencies) = postProject
		{99CE9F70-FECA-1BAD-6ECA-CFEFD070A0DD} = {99CE9F70-FECA-1BAD-6ECA-CFEFD070A0DD}
	EndProjectSection
EndProject
Project("{8BC9CEB8-8B4A-11D0-8D11-00A0C91BC942}") = "Group_vc9_Static", "Group\Group_vc9_Static.vcproj", "{55E87735-FECA-1BAD-4822-8A23DF603880}"
	ProjectSection(ProjectDependencies) = postProject
		{99CE9F70-FECA-1BAD-6ECA-CFEFD070A0DD} = {99CE9F70-FECA-1BAD-6ECA-CFEFD070A0DD}
	EndProjectSection
EndProject
Project("{8BC9CEB8-8B4A-11D0-8D11-00A0C91BC942}") = "MC_Test_Utilities_vc9_Static", "MC_Test_Utilities_vc9_Static.vcproj", "{99CE9F70-FECA-1BAD-6ECA-CFEFD070A0DD}"
EndProject
Project("{8BC9CEB8-8B4A-11D0-8D11-00A0C91BC942}") = "Memory_Usage_vc9_Static", "Memory_Usage\Memory_Usage_vc9_Static.vcproj", "{B344FA69-FECA-1BAD-E4AF-D6C55154E3A7}"
	ProjectSection(ProjectDependencies) = postProject
		{99CE9F70-FECA-1BAD-6ECA-CFEFD070A0DD} = {99CE9F70-FECA-1BAD-6ECA-CFEFD070A0DD}
	EndProjectSection
EndProject
Project("{8BC9CEB8-8B4A-11D0-8D11-00A0C91BC942}") = "Message_Queue_Size_vc9_Static", "Message_Queue_Size\Message_Queue_Size_vc9_Static.vcproj", "{6EF04353-FECA-1BAD-5016-EC186C76A213}"
	ProjectSection(ProjectDependencies) = postProject
		{99CE9F70-FECA-1BAD-6ECA-CFEFD070A0DD} = {99CE9F70-FECA-1BAD-6ECA-CFEFD070A0DD}
	EndProjectSection
EndProject
Project("{8BC9CEB8-8B4A-11D0-8D11-00A0C91BC942}") = "Num_Threads_vc9_Static", "Num_Threads\Num_Threads_vc9_Static.vcproj", "{E1DE5C97-FECA-1BAD-7E09-2897022B5E7B}"
	ProjectSection(ProjectDependencies) = postProject
		{99CE9F70-FECA-1BAD-6ECA-CFEFD070A0DD} = {99CE9F70-FECA-1BAD-6ECA-CFEFD070A0DD}
	EndProjectSection
EndProject
Global
	GlobalSection(SolutionConfigurationPlatforms) = preSolution
		Debug|Win32 = Debug|Win32
		Debug|x64 = Debug|x64
		Release|Win32 = Release|Win32
		Release|x64 = Release|x64
	EndGlobalSection
	GlobalSection(ProjectConfigurationPlatforms) = postSolution
		{7FF79D17-FECA-1BAD-57C8-A8092867A5CD}.Debug|Win32.ActiveCfg = Debug|Win32
		{7FF79D17-FECA-1BAD-57C8-A8092867A5CD}.Debug|Win32.Build.0 = Debug|Win32
		{7FF79D17-FECA-1BAD-57C8-A8092867A5CD}.Debug|x64.ActiveCfg = Debug|x64
		{7FF79D17-FECA-1BAD-57C8-A8092867A5CD}.Debug|x64.Build.0 = Debug|x64
		{7FF79D17-FECA-1BAD-57C8-A8092867A5CD}.Release|Win32.ActiveCfg = Release|Win32
		{7FF79D17-FECA-1BAD-57C8-A8092867A5CD}.Release|Win32.Build.0 = Release|Win32
		{7FF79D17-FECA-1BAD-57C8-A8092867A5CD}.Release|x64.ActiveCfg = Release|x64
		{7FF79D17-FECA-1BAD-57C8-A8092867A5CD}.Release|x64.Build.0 = Release|x64
		{1E092750-FECA-1BAD-A972-EF686201A482}.Debug|Win32.ActiveCfg = Debug|Win32
		{1E092750-FECA-1BAD-A972-EF686201A482}.Debug|Win32.Build.0 = Debug|Win32
		{1E092750-FECA-1BAD-A972-EF686201A482}.Debug|x64.ActiveCfg = Debug|x64
		{1E092750-FECA-1BAD-A972-EF686201A482}.Debug|x64.Build.0 = Debug|x64
		{1E092750-FECA-1BAD-A972-EF686201A482}.Release|Win32.ActiveCfg = Release|Win32
		{1E092750-FECA-1BAD-A972-EF686201A482}.Release|Win32.Build.0 = Release|Win32
		{1E092750-FECA-1BAD-A972-EF686201A482}.Release|x64.ActiveCfg = Release|x64
		{1E092750-FECA-1BAD-A972-EF686201A482}.Release|x64.Build.0 = Release|x64
		{21DB9AA1-FECA-1BAD-7BCF-1E579E3989CA}.Debug|Win32.ActiveCfg = Debug|Win32
		{21DB9AA1-FECA-1BAD-7BCF-1E579E3989CA}.Debug|Win32.Build.0 = Debug|Win32
		{21DB9AA1-FECA-1BAD-7BCF-1E579E3989CA}.Debug|x64.ActiveCfg = Debug|x64
		{21DB9AA1-FECA-1BAD-7BCF-1E579E3989CA}.Debug|x64.Build.0 = Debug|x64
		{21DB9AA1-FECA-1BAD-7BCF-1E579E3989CA}.Release|Win32.ActiveCfg = Release|Win32
		{21DB9AA1-FECA-1BAD-7BCF-1E579E3989CA}.Release|Win32.Build.0 = Release|Win32
		{21DB9AA1-FECA-1BAD-7BCF-1E579E3989CA}.Release|x64.ActiveCfg = Release|x64
		{21DB9AA1-FECA-1BAD-7BCF-1E579E3989CA}.Release|x64.Build.0 = Release|x64
		{55E87735-FECA-1BAD-4822-8A23DF603880}.Debug|Win32.ActiveCfg = Debug|Win32
		{55E87735-FECA-1BAD-4822-8A23DF603880}.Debug|Win32.Build.0 = Debug|Win32
		{55E87735-FECA-1BAD-4822-8A23DF603880}.Debug|x64.ActiveCfg = Debug|x64
		{55E87735-FECA-1BAD-4822-8A23DF603880}.Debug|x64.Build.0 = Debug|x64
		{55E87735-FECA-1BAD-4822-8A23DF603880}.Release|Win32.ActiveCfg = Release|Win32
		{55E87735-FECA-1BAD-4822-8A23DF603880}.Release|Win32.Build.0 = Release|Win32
		{55E87735-FECA-1BAD-4822-8A23DF603880}.Release|x64.ActiveCfg = Release|x64
		{55E87735-FECA-1BAD-4822-8A23DF603880}.Release|x64.Build.0 = Release|x64
		{99CE9F70-FECA-1BAD-6ECA-CFEFD070A0DD}.Debug|Win32.ActiveCfg = Debug|Win32
		{99CE9F70-FECA-1BAD-6ECA-CFEFD070A0DD}.Debug|Win32.Build.0 = Debug|Win32
		{99CE9F70-FECA-1BAD-6ECA-CFEFD070A0DD}.Debug|x64.ActiveCfg = Debug|x64
		{99CE9F70-FECA-1BAD-6ECA-CFEFD070A0DD}.Debug|x64.Build.0 = Debug|x64
		{99CE9F70-FECA-1BAD-6ECA-CFEFD070A0DD}.Release|Win32.ActiveCfg = Release|Win32
		{99CE9F70-FECA-1BAD-6ECA-CFEFD070A0DD}.Release|Win32.Build.0 = Release|Win32
		{99CE9F70-FECA-1BAD-6ECA-CFEFD070A0DD}.Release|x64.ActiveCfg = Release|x64
		{99CE9F70-FECA-1BAD-6ECA-CFEFD070A0DD}.Release|x64.Build.0 = Release|x64
		{B344FA69-FECA-1BAD-E4AF-D6C55154E3A7}.Debug|Win32.ActiveCfg = Debug|Win32
		{B344FA69-FECA-1BAD-E4AF-D6C55154E3A7}.Debug|Win32.Build.0 = Debug|Win32
		{B344FA69-FECA-1BAD-E4AF-D6C55154E3A7}.Debug|x64.ActiveCfg = Debug|x64
		{B344FA69-FECA-1BAD-E4AF-D6C55154E3A7}.Debug|x64.Build.0 = Debug|x64
		{B344FA69-FECA-1BAD-E4AF-D6C55154E3A7}.Release|Win32.ActiveCfg = Release|Win32
		{B344FA69-FECA-1BAD-E4AF-D6C55154E3A7}.Release|Win32.Build.0 = Release|Win32
		{B344FA69-FECA-1BAD-E4AF-D6C55154E3A7}.Release|x64.ActiveCfg = Release|x64
		{B344FA69-FECA-1BAD-E4AF-D6C55154E3A7}.Release|x64.Build.0 = Release|x64
		{6EF04353-FECA-1BAD-5016-EC186C76A213}.Debug|Win32.ActiveCfg = Debug|Win32
		{6EF04353-FECA-1BAD-5016-EC186C76A213}.Debug|Win32.Build.0 = Debug|Win32
		{6EF04353-FECA-1BAD-5016-EC186C76A213}.Debug|x64.ActiveCfg = Debug|x64
		{6EF04353-FECA-1BAD-5016-EC186C76A213}.Debug|x64.Build.0 = Debug|x64
		{6EF04353-FECA-1BAD-5016-EC186C76A213}.Release|Win32.ActiveCfg = Release|Win32
		{6EF04353-FECA-1BAD-5016-EC186C76A213}.Release|Win32.Build.0 = Release|Win32
		{6EF04353-FECA-1BAD-5016-EC186C76A213}.Release|x64.ActiveCfg = Release|x64
		{6EF04353-FECA-1BAD-5016-EC186C76A213}.Release|x64.Build.0 = Release|x64
		{E1DE5C97-FECA-1BAD-7E09-2897022B5E7B}.Debug|Win32.ActiveCfg = Debug|Win32
		{E1DE5C97-FECA-1BAD-7E09-2897022B5E7B}.Debug|Win32.Build.0 = Debug|Win32
		{E1DE5C97-FECA-1BAD-7E09-2897022B5E7B}.Debug|x64.ActiveCfg = Debug|x64
		{E1DE5C97-FECA-1BAD-7E09-2897022B5E7B}.Debug|x64.Build.0 = Debug|x64
		{E1DE5C97-FECA-1BAD-7E09-2897022B5E7B}.Release|Win32.ActiveCfg = Release|Win32
		{E1DE5C97-FECA-1BAD-7E09-2897022B5E7B}.Release|Win32.Build.0 = Release|Win32
		{E1DE5C97-FECA-1BAD-7E09-2897022B5E7B}.Release|x64.ActiveCfg = Release|x64
		{E1DE5C97-FECA-1BAD-7E09-2897022B5E7B}.Release|x64.Build.0 = Release|x64
	EndGlobalSection
	GlobalSection(SolutionProperties) = preSolution
		HideSolutionNode = FALSE
	EndGlobalSection
EndGlobal
