Microsoft Visual Studio Solution File, Format Version 8.00
#
# $Id: VC71WorkspaceCreator.pm 1456 2008-07-18 16:05:54Z elliott_c $
#
# This file was generated by MPC.  Any changes made directly to
# this file will be lost the next time it is generated.
#
# MPC Command:
# /export/anduriltmp/bczar/DOC_ROOT/stage-4495/ACE_wrappers/bin/mwc.pl -type vc71 -recurse -hierarchy -relative ACE_ROOT=/export/anduriltmp/bczar/DOC_ROOT/stage-4495/ACE_wrappers -relative TAO_ROOT=/export/anduriltmp/bczar/DOC_ROOT/stage-4495/ACE_wrappers/TAO -relative CIAO_ROOT=/export/anduriltmp/bczar/DOC_ROOT/stage-4495/ACE_wrappers/TAO/CIAO -name_modifier "*_vc71"
Project("{8BC9CEB8-8B4A-11D0-8D11-00A0C91BC942}") = "Bytes_Sent", "Bytes_Sent\Bytes_Sent_vc71.vcproj", "{6ECBD6F4-FECA-1BAD-57C8-A8092867A5CD}"
	ProjectSection(ProjectDependencies) = postProject
		{57C9B112-FECA-1BAD-6ECA-CFEFD070A0DD} = {57C9B112-FECA-1BAD-6ECA-CFEFD070A0DD}
	EndProjectSection
EndProject
Project("{8BC9CEB8-8B4A-11D0-8D11-00A0C91BC942}") = "CPU_Load", "CPU_Load\CPU_Load_vc71.vcproj", "{90719195-FECA-1BAD-A972-EF686201A482}"
	ProjectSection(ProjectDependencies) = postProject
		{57C9B112-FECA-1BAD-6ECA-CFEFD070A0DD} = {57C9B112-FECA-1BAD-6ECA-CFEFD070A0DD}
	EndProjectSection
EndProject
Project("{8BC9CEB8-8B4A-11D0-8D11-00A0C91BC942}") = "Constraint", "Constraint\Constraint_vc71.vcproj", "{42CC60AA-FECA-1BAD-7BCF-1E579E3989CA}"
	ProjectSection(ProjectDependencies) = postProject
		{57C9B112-FECA-1BAD-6ECA-CFEFD070A0DD} = {57C9B112-FECA-1BAD-6ECA-CFEFD070A0DD}
	EndProjectSection
EndProject
Project("{8BC9CEB8-8B4A-11D0-8D11-00A0C91BC942}") = "Group", "Group\Group_vc71.vcproj", "{7121F4DE-FECA-1BAD-4822-8A23DF603880}"
	ProjectSection(ProjectDependencies) = postProject
		{57C9B112-FECA-1BAD-6ECA-CFEFD070A0DD} = {57C9B112-FECA-1BAD-6ECA-CFEFD070A0DD}
	EndProjectSection
EndProject
Project("{8BC9CEB8-8B4A-11D0-8D11-00A0C91BC942}") = "MC_Test_Utilities", "MC_Test_Utilities_vc71.vcproj", "{57C9B112-FECA-1BAD-6ECA-CFEFD070A0DD}"
	ProjectSection(ProjectDependencies) = postProject
	EndProjectSection
EndProject
Project("{8BC9CEB8-8B4A-11D0-8D11-00A0C91BC942}") = "Memory_Usage", "Memory_Usage\Memory_Usage_vc71.vcproj", "{DDACA838-FECA-1BAD-E4AF-D6C55154E3A7}"
	ProjectSection(ProjectDependencies) = postProject
		{57C9B112-FECA-1BAD-6ECA-CFEFD070A0DD} = {57C9B112-FECA-1BAD-6ECA-CFEFD070A0DD}
	EndProjectSection
EndProject
Project("{8BC9CEB8-8B4A-11D0-8D11-00A0C91BC942}") = "Message_Queue_Size", "Message_Queue_Size\Message_Queue_Size_vc71.vcproj", "{691592E5-FECA-1BAD-5016-EC186C76A213}"
	ProjectSection(ProjectDependencies) = postProject
		{57C9B112-FECA-1BAD-6ECA-CFEFD070A0DD} = {57C9B112-FECA-1BAD-6ECA-CFEFD070A0DD}
	EndProjectSection
EndProject
Project("{8BC9CEB8-8B4A-11D0-8D11-00A0C91BC942}") = "Num_Threads", "Num_Threads\Num_Threads_vc71.vcproj", "{470A566A-FECA-1BAD-7E09-2897022B5E7B}"
	ProjectSection(ProjectDependencies) = postProject
		{57C9B112-FECA-1BAD-6ECA-CFEFD070A0DD} = {57C9B112-FECA-1BAD-6ECA-CFEFD070A0DD}
	EndProjectSection
EndProject
Global
	GlobalSection(SolutionConfiguration) = preSolution
		Debug = Debug
		Release = Release
	EndGlobalSection
	GlobalSection(ProjectConfiguration) = postSolution
		{6ECBD6F4-FECA-1BAD-57C8-A8092867A5CD}.Debug.ActiveCfg = Debug|Win32
		{6ECBD6F4-FECA-1BAD-57C8-A8092867A5CD}.Debug.Build.0 = Debug|Win32
		{6ECBD6F4-FECA-1BAD-57C8-A8092867A5CD}.Release.ActiveCfg = Release|Win32
		{6ECBD6F4-FECA-1BAD-57C8-A8092867A5CD}.Release.Build.0 = Release|Win32
		{90719195-FECA-1BAD-A972-EF686201A482}.Debug.ActiveCfg = Debug|Win32
		{90719195-FECA-1BAD-A972-EF686201A482}.Debug.Build.0 = Debug|Win32
		{90719195-FECA-1BAD-A972-EF686201A482}.Release.ActiveCfg = Release|Win32
		{90719195-FECA-1BAD-A972-EF686201A482}.Release.Build.0 = Release|Win32
		{42CC60AA-FECA-1BAD-7BCF-1E579E3989CA}.Debug.ActiveCfg = Debug|Win32
		{42CC60AA-FECA-1BAD-7BCF-1E579E3989CA}.Debug.Build.0 = Debug|Win32
		{42CC60AA-FECA-1BAD-7BCF-1E579E3989CA}.Release.ActiveCfg = Release|Win32
		{42CC60AA-FECA-1BAD-7BCF-1E579E3989CA}.Release.Build.0 = Release|Win32
		{7121F4DE-FECA-1BAD-4822-8A23DF603880}.Debug.ActiveCfg = Debug|Win32
		{7121F4DE-FECA-1BAD-4822-8A23DF603880}.Debug.Build.0 = Debug|Win32
		{7121F4DE-FECA-1BAD-4822-8A23DF603880}.Release.ActiveCfg = Release|Win32
		{7121F4DE-FECA-1BAD-4822-8A23DF603880}.Release.Build.0 = Release|Win32
		{57C9B112-FECA-1BAD-6ECA-CFEFD070A0DD}.Debug.ActiveCfg = Debug|Win32
		{57C9B112-FECA-1BAD-6ECA-CFEFD070A0DD}.Debug.Build.0 = Debug|Win32
		{57C9B112-FECA-1BAD-6ECA-CFEFD070A0DD}.Release.ActiveCfg = Release|Win32
		{57C9B112-FECA-1BAD-6ECA-CFEFD070A0DD}.Release.Build.0 = Release|Win32
		{DDACA838-FECA-1BAD-E4AF-D6C55154E3A7}.Debug.ActiveCfg = Debug|Win32
		{DDACA838-FECA-1BAD-E4AF-D6C55154E3A7}.Debug.Build.0 = Debug|Win32
		{DDACA838-FECA-1BAD-E4AF-D6C55154E3A7}.Release.ActiveCfg = Release|Win32
		{DDACA838-FECA-1BAD-E4AF-D6C55154E3A7}.Release.Build.0 = Release|Win32
		{691592E5-FECA-1BAD-5016-EC186C76A213}.Debug.ActiveCfg = Debug|Win32
		{691592E5-FECA-1BAD-5016-EC186C76A213}.Debug.Build.0 = Debug|Win32
		{691592E5-FECA-1BAD-5016-EC186C76A213}.Release.ActiveCfg = Release|Win32
		{691592E5-FECA-1BAD-5016-EC186C76A213}.Release.Build.0 = Release|Win32
		{470A566A-FECA-1BAD-7E09-2897022B5E7B}.Debug.ActiveCfg = Debug|Win32
		{470A566A-FECA-1BAD-7E09-2897022B5E7B}.Debug.Build.0 = Debug|Win32
		{470A566A-FECA-1BAD-7E09-2897022B5E7B}.Release.ActiveCfg = Release|Win32
		{470A566A-FECA-1BAD-7E09-2897022B5E7B}.Release.Build.0 = Release|Win32
	EndGlobalSection
	GlobalSection(ExtensibilityGlobals) = postSolution
	EndGlobalSection
	GlobalSection(ExtensibilityAddIns) = postSolution
	EndGlobalSection
EndGlobal
