Microsoft Visual Studio Solution File, Format Version 8.00
#
# $Id: VC71WorkspaceCreator.pm 1456 2008-07-18 16:05:54Z elliott_c $
#
# This file was generated by MPC.  Any changes made directly to
# this file will be lost the next time it is generated.
#
# MPC Command:
# /export/anduriltmp/bczar/DOC_ROOT/stage-4495/ACE_wrappers/bin/mwc.pl -type vc71 -recurse -hierarchy -relative ACE_ROOT=/export/anduriltmp/bczar/DOC_ROOT/stage-4495/ACE_wrappers -relative TAO_ROOT=/export/anduriltmp/bczar/DOC_ROOT/stage-4495/ACE_wrappers/TAO -relative CIAO_ROOT=/export/anduriltmp/bczar/DOC_ROOT/stage-4495/ACE_wrappers/TAO/CIAO -name_modifier "*_vc71"
Project("{8BC9CEB8-8B4A-11D0-8D11-00A0C91BC942}") = "ASX_CCM_App_Client", "CCM_App\ASX_CCM_App_Client_vc71.vcproj", "{45B474B3-FECA-1BAD-F21F-3D1BF52769F2}"
	ProjectSection(ProjectDependencies) = postProject
		{E60275BB-FECA-1BAD-F21F-3D1BF52769F2} = {E60275BB-FECA-1BAD-F21F-3D1BF52769F2}
	EndProjectSection
EndProject
Project("{8BC9CEB8-8B4A-11D0-8D11-00A0C91BC942}") = "ASX_CCM_App_Lib", "CCM_App\ASX_CCM_App_Lib_vc71.vcproj", "{348B0686-FECA-1BAD-F21F-3D1BF52769F2}"
	ProjectSection(ProjectDependencies) = postProject
	EndProjectSection
EndProject
Project("{8BC9CEB8-8B4A-11D0-8D11-00A0C91BC942}") = "ASX_CCM_App_Server", "CCM_App\ASX_CCM_App_Server_vc71.vcproj", "{E60275BB-FECA-1BAD-F21F-3D1BF52769F2}"
	ProjectSection(ProjectDependencies) = postProject
		{348B0686-FECA-1BAD-F21F-3D1BF52769F2} = {348B0686-FECA-1BAD-F21F-3D1BF52769F2}
	EndProjectSection
EndProject
Project("{8BC9CEB8-8B4A-11D0-8D11-00A0C91BC942}") = "Event_Server", "Event_Server\Event_Server\Event_Server_vc71.vcproj", "{491AEEC8-FECA-1BAD-0396-8A21441757CE}"
	ProjectSection(ProjectDependencies) = postProject
	EndProjectSection
EndProject
Project("{8BC9CEB8-8B4A-11D0-8D11-00A0C91BC942}") = "Transceiver", "Event_Server\Transceiver\Transceiver_vc71.vcproj", "{8A6461CD-FECA-1BAD-B367-1F30C0B7A118}"
	ProjectSection(ProjectDependencies) = postProject
	EndProjectSection
EndProject
Project("{8BC9CEB8-8B4A-11D0-8D11-00A0C91BC942}") = "ASX_Message_Queue_Bounded_Buffer", "Message_Queue\ASX_Message_Queue_Bounded_Buffer_vc71.vcproj", "{D062D354-FECA-1BAD-1624-F77E925F49BD}"
	ProjectSection(ProjectDependencies) = postProject
	EndProjectSection
EndProject
Project("{8BC9CEB8-8B4A-11D0-8D11-00A0C91BC942}") = "ASX_Message_Queue_Buffer_Stream", "Message_Queue\ASX_Message_Queue_Buffer_Stream_vc71.vcproj", "{5768AD15-FECA-1BAD-1624-F77E925F49BD}"
	ProjectSection(ProjectDependencies) = postProject
	EndProjectSection
EndProject
Project("{8BC9CEB8-8B4A-11D0-8D11-00A0C91BC942}") = "ASX_Message_Queue_Priority_Buffer", "Message_Queue\ASX_Message_Queue_Priority_Buffer_vc71.vcproj", "{ABE3E59F-FECA-1BAD-1624-F77E925F49BD}"
	ProjectSection(ProjectDependencies) = postProject
	EndProjectSection
EndProject
Project("{8BC9CEB8-8B4A-11D0-8D11-00A0C91BC942}") = "UPIPE_Event_Server", "UPIPE_Event_Server\UPIPE_Event_Server_vc71.vcproj", "{4C1E2AC7-FECA-1BAD-53DA-CAD123A15E3A}"
	ProjectSection(ProjectDependencies) = postProject
	EndProjectSection
EndProject
Global
	GlobalSection(SolutionConfiguration) = preSolution
		Debug = Debug
		Release = Release
	EndGlobalSection
	GlobalSection(ProjectConfiguration) = postSolution
		{45B474B3-FECA-1BAD-F21F-3D1BF52769F2}.Debug.ActiveCfg = Debug|Win32
		{45B474B3-FECA-1BAD-F21F-3D1BF52769F2}.Debug.Build.0 = Debug|Win32
		{45B474B3-FECA-1BAD-F21F-3D1BF52769F2}.Release.ActiveCfg = Release|Win32
		{45B474B3-FECA-1BAD-F21F-3D1BF52769F2}.Release.Build.0 = Release|Win32
		{348B0686-FECA-1BAD-F21F-3D1BF52769F2}.Debug.ActiveCfg = Debug|Win32
		{348B0686-FECA-1BAD-F21F-3D1BF52769F2}.Debug.Build.0 = Debug|Win32
		{348B0686-FECA-1BAD-F21F-3D1BF52769F2}.Release.ActiveCfg = Release|Win32
		{348B0686-FECA-1BAD-F21F-3D1BF52769F2}.Release.Build.0 = Release|Win32
		{E60275BB-FECA-1BAD-F21F-3D1BF52769F2}.Debug.ActiveCfg = Debug|Win32
		{E60275BB-FECA-1BAD-F21F-3D1BF52769F2}.Debug.Build.0 = Debug|Win32
		{E60275BB-FECA-1BAD-F21F-3D1BF52769F2}.Release.ActiveCfg = Release|Win32
		{E60275BB-FECA-1BAD-F21F-3D1BF52769F2}.Release.Build.0 = Release|Win32
		{491AEEC8-FECA-1BAD-0396-8A21441757CE}.Debug.ActiveCfg = Debug|Win32
		{491AEEC8-FECA-1BAD-0396-8A21441757CE}.Debug.Build.0 = Debug|Win32
		{491AEEC8-FECA-1BAD-0396-8A21441757CE}.Release.ActiveCfg = Release|Win32
		{491AEEC8-FECA-1BAD-0396-8A21441757CE}.Release.Build.0 = Release|Win32
		{8A6461CD-FECA-1BAD-B367-1F30C0B7A118}.Debug.ActiveCfg = Debug|Win32
		{8A6461CD-FECA-1BAD-B367-1F30C0B7A118}.Debug.Build.0 = Debug|Win32
		{8A6461CD-FECA-1BAD-B367-1F30C0B7A118}.Release.ActiveCfg = Release|Win32
		{8A6461CD-FECA-1BAD-B367-1F30C0B7A118}.Release.Build.0 = Release|Win32
		{D062D354-FECA-1BAD-1624-F77E925F49BD}.Debug.ActiveCfg = Debug|Win32
		{D062D354-FECA-1BAD-1624-F77E925F49BD}.Debug.Build.0 = Debug|Win32
		{D062D354-FECA-1BAD-1624-F77E925F49BD}.Release.ActiveCfg = Release|Win32
		{D062D354-FECA-1BAD-1624-F77E925F49BD}.Release.Build.0 = Release|Win32
		{5768AD15-FECA-1BAD-1624-F77E925F49BD}.Debug.ActiveCfg = Debug|Win32
		{5768AD15-FECA-1BAD-1624-F77E925F49BD}.Debug.Build.0 = Debug|Win32
		{5768AD15-FECA-1BAD-1624-F77E925F49BD}.Release.ActiveCfg = Release|Win32
		{5768AD15-FECA-1BAD-1624-F77E925F49BD}.Release.Build.0 = Release|Win32
		{ABE3E59F-FECA-1BAD-1624-F77E925F49BD}.Debug.ActiveCfg = Debug|Win32
		{ABE3E59F-FECA-1BAD-1624-F77E925F49BD}.Debug.Build.0 = Debug|Win32
		{ABE3E59F-FECA-1BAD-1624-F77E925F49BD}.Release.ActiveCfg = Release|Win32
		{ABE3E59F-FECA-1BAD-1624-F77E925F49BD}.Release.Build.0 = Release|Win32
		{4C1E2AC7-FECA-1BAD-53DA-CAD123A15E3A}.Debug.ActiveCfg = Debug|Win32
		{4C1E2AC7-FECA-1BAD-53DA-CAD123A15E3A}.Debug.Build.0 = Debug|Win32
		{4C1E2AC7-FECA-1BAD-53DA-CAD123A15E3A}.Release.ActiveCfg = Release|Win32
		{4C1E2AC7-FECA-1BAD-53DA-CAD123A15E3A}.Release.Build.0 = Release|Win32
	EndGlobalSection
	GlobalSection(ExtensibilityGlobals) = postSolution
	EndGlobalSection
	GlobalSection(ExtensibilityAddIns) = postSolution
	EndGlobalSection
EndGlobal
