Microsoft Visual Studio Solution File, Format Version 8.00
#
# $Id: VC71WorkspaceCreator.pm 1456 2008-07-18 16:05:54Z elliott_c $
#
# This file was generated by MPC.  Any changes made directly to
# this file will be lost the next time it is generated.
#
# MPC Command:
# /export/anduriltmp/bczar/DOC_ROOT/stage-4495/ACE_wrappers/bin/mwc.pl -type vc71 -recurse -hierarchy -relative ACE_ROOT=/export/anduriltmp/bczar/DOC_ROOT/stage-4495/ACE_wrappers -relative TAO_ROOT=/export/anduriltmp/bczar/DOC_ROOT/stage-4495/ACE_wrappers/TAO -relative CIAO_ROOT=/export/anduriltmp/bczar/DOC_ROOT/stage-4495/ACE_wrappers/TAO/CIAO -name_modifier "*_vc71"
Project("{8BC9CEB8-8B4A-11D0-8D11-00A0C91BC942}") = "ACEXML_XML_Svc_Conf_Parser", "ACEXML\apps\svcconf\ACEXML_XML_Svc_Conf_Parser_vc71.vcproj", "{71756667-FECA-1BAD-5984-FE666F6BFFDE}"
	ProjectSection(ProjectDependencies) = postProject
		{7C74F49E-FECA-1BAD-6757-8A632287E30C} = {7C74F49E-FECA-1BAD-6757-8A632287E30C}
		{1CEA6EBD-FECA-1BAD-5520-8D05BE9C22EE} = {1CEA6EBD-FECA-1BAD-5520-8D05BE9C22EE}
		{359DF0C9-FECA-1BAD-BB9C-8C3A6E989275} = {359DF0C9-FECA-1BAD-BB9C-8C3A6E989275}
	EndProjectSection
EndProject
Project("{8BC9CEB8-8B4A-11D0-8D11-00A0C91BC942}") = "ACEXML", "ACEXML\common\ACEXML_vc71.vcproj", "{359DF0C9-FECA-1BAD-BB9C-8C3A6E989275}"
	ProjectSection(ProjectDependencies) = postProject
		{7C74F49E-FECA-1BAD-6757-8A632287E30C} = {7C74F49E-FECA-1BAD-6757-8A632287E30C}
	EndProjectSection
EndProject
Project("{8BC9CEB8-8B4A-11D0-8D11-00A0C91BC942}") = "ACEXML_Parser", "ACEXML\parser\parser\ACEXML_Parser_vc71.vcproj", "{1CEA6EBD-FECA-1BAD-5520-8D05BE9C22EE}"
	ProjectSection(ProjectDependencies) = postProject
		{7C74F49E-FECA-1BAD-6757-8A632287E30C} = {7C74F49E-FECA-1BAD-6757-8A632287E30C}
		{359DF0C9-FECA-1BAD-BB9C-8C3A6E989275} = {359DF0C9-FECA-1BAD-BB9C-8C3A6E989275}
	EndProjectSection
EndProject
Project("{8BC9CEB8-8B4A-11D0-8D11-00A0C91BC942}") = "ACE", "ace\ACE_vc71.vcproj", "{7C74F49E-FECA-1BAD-6757-8A632287E30C}"
	ProjectSection(ProjectDependencies) = postProject
	EndProjectSection
EndProject
Project("{8BC9CEB8-8B4A-11D0-8D11-00A0C91BC942}") = "ACE_ETCL_Parser", "ace\ETCL\ACE_ETCL_Parser_vc71.vcproj", "{DC242B88-FECA-1BAD-007E-8A6730E92802}"
	ProjectSection(ProjectDependencies) = postProject
		{7C74F49E-FECA-1BAD-6757-8A632287E30C} = {7C74F49E-FECA-1BAD-6757-8A632287E30C}
		{3979A395-FECA-1BAD-007E-8A6730E92802} = {3979A395-FECA-1BAD-007E-8A6730E92802}
	EndProjectSection
EndProject
Project("{8BC9CEB8-8B4A-11D0-8D11-00A0C91BC942}") = "ACE_ETCL", "ace\ETCL\ACE_ETCL_vc71.vcproj", "{3979A395-FECA-1BAD-007E-8A6730E92802}"
	ProjectSection(ProjectDependencies) = postProject
		{7C74F49E-FECA-1BAD-6757-8A632287E30C} = {7C74F49E-FECA-1BAD-6757-8A632287E30C}
	EndProjectSection
EndProject
Project("{8BC9CEB8-8B4A-11D0-8D11-00A0C91BC942}") = "Monitor_Control", "ace\Monitor_Control\Monitor_Control_vc71.vcproj", "{EF1A0A9F-FECA-1BAD-D619-74622C863515}"
	ProjectSection(ProjectDependencies) = postProject
		{7C74F49E-FECA-1BAD-6757-8A632287E30C} = {7C74F49E-FECA-1BAD-6757-8A632287E30C}
		{3979A395-FECA-1BAD-007E-8A6730E92802} = {3979A395-FECA-1BAD-007E-8A6730E92802}
		{DC242B88-FECA-1BAD-007E-8A6730E92802} = {DC242B88-FECA-1BAD-007E-8A6730E92802}
	EndProjectSection
EndProject
Project("{8BC9CEB8-8B4A-11D0-8D11-00A0C91BC942}") = "QoS", "ace\QoS\QoS_vc71.vcproj", "{6EA2F49E-FECA-1BAD-7781-8A63E30E8524}"
	ProjectSection(ProjectDependencies) = postProject
		{7C74F49E-FECA-1BAD-6757-8A632287E30C} = {7C74F49E-FECA-1BAD-6757-8A632287E30C}
	EndProjectSection
EndProject
Project("{8BC9CEB8-8B4A-11D0-8D11-00A0C91BC942}") = "gperf", "apps\gperf\src\gperf_vc71.vcproj", "{5B47F4FE-FECA-1BAD-6244-8A031C6667FB}"
	ProjectSection(ProjectDependencies) = postProject
		{7C74F49E-FECA-1BAD-6757-8A632287E30C} = {7C74F49E-FECA-1BAD-6757-8A632287E30C}
	EndProjectSection
EndProject
Global
	GlobalSection(SolutionConfiguration) = preSolution
		Debug = Debug
		Release = Release
	EndGlobalSection
	GlobalSection(ProjectConfiguration) = postSolution
		{71756667-FECA-1BAD-5984-FE666F6BFFDE}.Debug.ActiveCfg = Debug|Win32
		{71756667-FECA-1BAD-5984-FE666F6BFFDE}.Debug.Build.0 = Debug|Win32
		{71756667-FECA-1BAD-5984-FE666F6BFFDE}.Release.ActiveCfg = Release|Win32
		{71756667-FECA-1BAD-5984-FE666F6BFFDE}.Release.Build.0 = Release|Win32
		{359DF0C9-FECA-1BAD-BB9C-8C3A6E989275}.Debug.ActiveCfg = Debug|Win32
		{359DF0C9-FECA-1BAD-BB9C-8C3A6E989275}.Debug.Build.0 = Debug|Win32
		{359DF0C9-FECA-1BAD-BB9C-8C3A6E989275}.Release.ActiveCfg = Release|Win32
		{359DF0C9-FECA-1BAD-BB9C-8C3A6E989275}.Release.Build.0 = Release|Win32
		{1CEA6EBD-FECA-1BAD-5520-8D05BE9C22EE}.Debug.ActiveCfg = Debug|Win32
		{1CEA6EBD-FECA-1BAD-5520-8D05BE9C22EE}.Debug.Build.0 = Debug|Win32
		{1CEA6EBD-FECA-1BAD-5520-8D05BE9C22EE}.Release.ActiveCfg = Release|Win32
		{1CEA6EBD-FECA-1BAD-5520-8D05BE9C22EE}.Release.Build.0 = Release|Win32
		{7C74F49E-FECA-1BAD-6757-8A632287E30C}.Debug.ActiveCfg = Debug|Win32
		{7C74F49E-FECA-1BAD-6757-8A632287E30C}.Debug.Build.0 = Debug|Win32
		{7C74F49E-FECA-1BAD-6757-8A632287E30C}.Release.ActiveCfg = Release|Win32
		{7C74F49E-FECA-1BAD-6757-8A632287E30C}.Release.Build.0 = Release|Win32
		{DC242B88-FECA-1BAD-007E-8A6730E92802}.Debug.ActiveCfg = Debug|Win32
		{DC242B88-FECA-1BAD-007E-8A6730E92802}.Debug.Build.0 = Debug|Win32
		{DC242B88-FECA-1BAD-007E-8A6730E92802}.Release.ActiveCfg = Release|Win32
		{DC242B88-FECA-1BAD-007E-8A6730E92802}.Release.Build.0 = Release|Win32
		{3979A395-FECA-1BAD-007E-8A6730E92802}.Debug.ActiveCfg = Debug|Win32
		{3979A395-FECA-1BAD-007E-8A6730E92802}.Debug.Build.0 = Debug|Win32
		{3979A395-FECA-1BAD-007E-8A6730E92802}.Release.ActiveCfg = Release|Win32
		{3979A395-FECA-1BAD-007E-8A6730E92802}.Release.Build.0 = Release|Win32
		{EF1A0A9F-FECA-1BAD-D619-74622C863515}.Debug.ActiveCfg = Debug|Win32
		{EF1A0A9F-FECA-1BAD-D619-74622C863515}.Debug.Build.0 = Debug|Win32
		{EF1A0A9F-FECA-1BAD-D619-74622C863515}.Release.ActiveCfg = Release|Win32
		{EF1A0A9F-FECA-1BAD-D619-74622C863515}.Release.Build.0 = Release|Win32
		{6EA2F49E-FECA-1BAD-7781-8A63E30E8524}.Debug.ActiveCfg = Debug|Win32
		{6EA2F49E-FECA-1BAD-7781-8A63E30E8524}.Debug.Build.0 = Debug|Win32
		{6EA2F49E-FECA-1BAD-7781-8A63E30E8524}.Release.ActiveCfg = Release|Win32
		{6EA2F49E-FECA-1BAD-7781-8A63E30E8524}.Release.Build.0 = Release|Win32
		{5B47F4FE-FECA-1BAD-6244-8A031C6667FB}.Debug.ActiveCfg = Debug|Win32
		{5B47F4FE-FECA-1BAD-6244-8A031C6667FB}.Debug.Build.0 = Debug|Win32
		{5B47F4FE-FECA-1BAD-6244-8A031C6667FB}.Release.ActiveCfg = Release|Win32
		{5B47F4FE-FECA-1BAD-6244-8A031C6667FB}.Release.Build.0 = Release|Win32
	EndGlobalSection
	GlobalSection(ExtensibilityGlobals) = postSolution
	EndGlobalSection
	GlobalSection(ExtensibilityAddIns) = postSolution
	EndGlobalSection
EndGlobal
