Microsoft Visual Studio Solution File, Format Version 8.00
#
# $Id: VC71WorkspaceCreator.pm 1456 2008-07-18 16:05:54Z elliott_c $
#
# This file was generated by MPC.  Any changes made directly to
# this file will be lost the next time it is generated.
#
# MPC Command:
# /export/anduriltmp/bczar/DOC_ROOT/stage-4495/ACE_wrappers/bin/mwc.pl -type vc71 -static -name_modifier "*_vc71_Static" -apply_project -exclude TAO/CIAO -recurse -hierarchy -relative ACE_ROOT=/export/anduriltmp/bczar/DOC_ROOT/stage-4495/ACE_wrappers -relative TAO_ROOT=/export/anduriltmp/bczar/DOC_ROOT/stage-4495/ACE_wrappers/TAO -relative CIAO_ROOT=/export/anduriltmp/bczar/DOC_ROOT/stage-4495/ACE_wrappers/TAO/CIAO
Project("{8BC9CEB8-8B4A-11D0-8D11-00A0C91BC942}") = "asnmp_example_get_async_vc71_Static", "get\asnmp_example_get_async_vc71_Static.vcproj", "{D90800B3-FECA-1BAD-6126-8A635020C35C}"
	ProjectSection(ProjectDependencies) = postProject
	EndProjectSection
EndProject
Project("{8BC9CEB8-8B4A-11D0-8D11-00A0C91BC942}") = "asnmp_example_get_vc71_Static", "get\asnmp_example_get_vc71_Static.vcproj", "{0D9A5555-FECA-1BAD-6126-8A635020C35C}"
	ProjectSection(ProjectDependencies) = postProject
	EndProjectSection
EndProject
Project("{8BC9CEB8-8B4A-11D0-8D11-00A0C91BC942}") = "asnmp_example_next_vc71_Static", "next\asnmp_example_next_vc71_Static.vcproj", "{570EB4B0-FECA-1BAD-82F6-8A65020CA571}"
	ProjectSection(ProjectDependencies) = postProject
	EndProjectSection
EndProject
Project("{8BC9CEB8-8B4A-11D0-8D11-00A0C91BC942}") = "asnmp_example_set_vc71_Static", "set\asnmp_example_set_vc71_Static.vcproj", "{0CDA5555-FECA-1BAD-7526-8A635020D75C}"
	ProjectSection(ProjectDependencies) = postProject
	EndProjectSection
EndProject
Project("{8BC9CEB8-8B4A-11D0-8D11-00A0C91BC942}") = "asnmp_example_trap_vc71_Static", "trap\asnmp_example_trap_vc71_Static.vcproj", "{4C67F4B0-FECA-1BAD-3462-8A64020D13E5}"
	ProjectSection(ProjectDependencies) = postProject
	EndProjectSection
EndProject
Project("{8BC9CEB8-8B4A-11D0-8D11-00A0C91BC942}") = "asnmp_example_walk_vc71_Static", "walk\asnmp_example_walk_vc71_Static.vcproj", "{4E5B44B0-FECA-1BAD-17A9-8A64020D302E}"
	ProjectSection(ProjectDependencies) = postProject
	EndProjectSection
EndProject
Global
	GlobalSection(SolutionConfiguration) = preSolution
		Debug = Debug
		Release = Release
	EndGlobalSection
	GlobalSection(ProjectConfiguration) = postSolution
		{D90800B3-FECA-1BAD-6126-8A635020C35C}.Debug.ActiveCfg = Debug|Win32
		{D90800B3-FECA-1BAD-6126-8A635020C35C}.Debug.Build.0 = Debug|Win32
		{D90800B3-FECA-1BAD-6126-8A635020C35C}.Release.ActiveCfg = Release|Win32
		{D90800B3-FECA-1BAD-6126-8A635020C35C}.Release.Build.0 = Release|Win32
		{0D9A5555-FECA-1BAD-6126-8A635020C35C}.Debug.ActiveCfg = Debug|Win32
		{0D9A5555-FECA-1BAD-6126-8A635020C35C}.Debug.Build.0 = Debug|Win32
		{0D9A5555-FECA-1BAD-6126-8A635020C35C}.Release.ActiveCfg = Release|Win32
		{0D9A5555-FECA-1BAD-6126-8A635020C35C}.Release.Build.0 = Release|Win32
		{570EB4B0-FECA-1BAD-82F6-8A65020CA571}.Debug.ActiveCfg = Debug|Win32
		{570EB4B0-FECA-1BAD-82F6-8A65020CA571}.Debug.Build.0 = Debug|Win32
		{570EB4B0-FECA-1BAD-82F6-8A65020CA571}.Release.ActiveCfg = Release|Win32
		{570EB4B0-FECA-1BAD-82F6-8A65020CA571}.Release.Build.0 = Release|Win32
		{0CDA5555-FECA-1BAD-7526-8A635020D75C}.Debug.ActiveCfg = Debug|Win32
		{0CDA5555-FECA-1BAD-7526-8A635020D75C}.Debug.Build.0 = Debug|Win32
		{0CDA5555-FECA-1BAD-7526-8A635020D75C}.Release.ActiveCfg = Release|Win32
		{0CDA5555-FECA-1BAD-7526-8A635020D75C}.Release.Build.0 = Release|Win32
		{4C67F4B0-FECA-1BAD-3462-8A64020D13E5}.Debug.ActiveCfg = Debug|Win32
		{4C67F4B0-FECA-1BAD-3462-8A64020D13E5}.Debug.Build.0 = Debug|Win32
		{4C67F4B0-FECA-1BAD-3462-8A64020D13E5}.Release.ActiveCfg = Release|Win32
		{4C67F4B0-FECA-1BAD-3462-8A64020D13E5}.Release.Build.0 = Release|Win32
		{4E5B44B0-FECA-1BAD-17A9-8A64020D302E}.Debug.ActiveCfg = Debug|Win32
		{4E5B44B0-FECA-1BAD-17A9-8A64020D302E}.Debug.Build.0 = Debug|Win32
		{4E5B44B0-FECA-1BAD-17A9-8A64020D302E}.Release.ActiveCfg = Release|Win32
		{4E5B44B0-FECA-1BAD-17A9-8A64020D302E}.Release.Build.0 = Release|Win32
	EndGlobalSection
	GlobalSection(ExtensibilityGlobals) = postSolution
	EndGlobalSection
	GlobalSection(ExtensibilityAddIns) = postSolution
	EndGlobalSection
EndGlobal
