<?xml version="1.0" encoding="utf-8"?>
<Project ToolsVersion="4.0" xmlns="http://schemas.microsoft.com/developer/msbuild/2003">
  <ItemGroup>
    <Filter Include="源文件">
      <UniqueIdentifier>{4FC737F1-C7A5-4376-A066-2A32D752A2FF}</UniqueIdentifier>
      <Extensions>cpp;c;cc;cxx;def;odl;idl;hpj;bat;asm;asmx</Extensions>
    </Filter>
    <Filter Include="头文件">
      <UniqueIdentifier>{93995380-89BD-4b04-88EB-625FBE52EBFB}</UniqueIdentifier>
      <Extensions>h;hpp;hxx;hm;inl;inc;xsd</Extensions>
    </Filter>
    <Filter Include="资源文件">
      <UniqueIdentifier>{67DA6AB6-F800-4c08-8B7A-83BB121AAD01}</UniqueIdentifier>
      <Extensions>rc;ico;cur;bmp;dlg;rc2;rct;bin;rgs;gif;jpg;jpeg;jpe;resx;tiff;tif;png;wav;mfcribbon-ms</Extensions>
    </Filter>
    <Filter Include="tinyxml">
      <UniqueIdentifier>{6ba8b398-845f-44c2-a3ed-e8f114eec1d3}</UniqueIdentifier>
    </Filter>
    <Filter Include="jsoncpp">
      <UniqueIdentifier>{397e22b7-6e68-4d87-a912-4ff0532d2484}</UniqueIdentifier>
    </Filter>
  </ItemGroup>
  <ItemGroup>
    <ClInclude Include="exception.h">
      <Filter>头文件</Filter>
    </ClInclude>
    <ClInclude Include="iflybox.h">
      <Filter>头文件</Filter>
    </ClInclude>
    <ClInclude Include="SwiftClient.h">
      <Filter>头文件</Filter>
    </ClInclude>
    <ClInclude Include="error.h">
      <Filter>头文件</Filter>
    </ClInclude>
    <ClInclude Include="metadata.h">
      <Filter>头文件</Filter>
    </ClInclude>
    <ClInclude Include="..\3rd-part\jsoncpp\json_batchallocator.h">
      <Filter>jsoncpp</Filter>
    </ClInclude>
    <ClInclude Include="..\3rd-part\tinyxml\tinystr.h">
      <Filter>tinyxml</Filter>
    </ClInclude>
    <ClInclude Include="..\3rd-part\tinyxml\tinyxml.h">
      <Filter>tinyxml</Filter>
    </ClInclude>
    <ClInclude Include="common.h">
      <Filter>头文件</Filter>
    </ClInclude>
    <ClInclude Include="httpHelper.h">
      <Filter>头文件</Filter>
    </ClInclude>
    <ClInclude Include="FileVerInfo.h">
      <Filter>头文件</Filter>
    </ClInclude>
    <ClInclude Include="http_status_code.h">
      <Filter>头文件</Filter>
    </ClInclude>
  </ItemGroup>
  <ItemGroup>
    <ClCompile Include="swiftClient.cpp">
      <Filter>源文件</Filter>
    </ClCompile>
    <ClCompile Include="metadata.cpp">
      <Filter>源文件</Filter>
    </ClCompile>
    <ClCompile Include="iflybox.cpp">
      <Filter>源文件</Filter>
    </ClCompile>
    <ClCompile Include="..\3rd-part\jsoncpp\json_reader.cpp">
      <Filter>jsoncpp</Filter>
    </ClCompile>
    <ClCompile Include="..\3rd-part\jsoncpp\json_value.cpp">
      <Filter>jsoncpp</Filter>
    </ClCompile>
    <ClCompile Include="..\3rd-part\jsoncpp\json_writer.cpp">
      <Filter>jsoncpp</Filter>
    </ClCompile>
    <ClCompile Include="..\3rd-part\tinyxml\tinystr.cpp">
      <Filter>tinyxml</Filter>
    </ClCompile>
    <ClCompile Include="..\3rd-part\tinyxml\tinyxml.cpp">
      <Filter>tinyxml</Filter>
    </ClCompile>
    <ClCompile Include="..\3rd-part\tinyxml\tinyxmlerror.cpp">
      <Filter>tinyxml</Filter>
    </ClCompile>
    <ClCompile Include="..\3rd-part\tinyxml\tinyxmlparser.cpp">
      <Filter>tinyxml</Filter>
    </ClCompile>
    <ClCompile Include="httpHelper.cpp">
      <Filter>源文件</Filter>
    </ClCompile>
  </ItemGroup>
  <ItemGroup>
    <None Include="..\3rd-part\jsoncpp\json_internalarray.inl">
      <Filter>jsoncpp</Filter>
    </None>
    <None Include="..\3rd-part\jsoncpp\json_internalmap.inl">
      <Filter>jsoncpp</Filter>
    </None>
    <None Include="..\3rd-part\jsoncpp\json_valueiterator.inl">
      <Filter>jsoncpp</Filter>
    </None>
    <None Include="ClassDiagram1.cd" />
  </ItemGroup>
  <ItemGroup>
    <ResourceCompile Include="FileVerInfo.rc">
      <Filter>资源文件</Filter>
    </ResourceCompile>
  </ItemGroup>
</Project>