<?xml version="1.0" encoding="utf-8"?>
<Project ToolsVersion="4.0" xmlns="http://schemas.microsoft.com/developer/msbuild/2003">
  <ItemGroup>
    <Filter Include="Source Files">
      <UniqueIdentifier>{448827aa-445a-4919-b937-887beb64be12}</UniqueIdentifier>
      <Extensions>cpp;cxx;cc;C;c</Extensions>
    </Filter>
    <Filter Include="Header Files">
      <UniqueIdentifier>{b3a83f98-7017-4ce6-a719-6c6c9170f4e3}</UniqueIdentifier>
      <Extensions>h;hpp;hxx;hh</Extensions>
    </Filter>
    <Filter Include="Build Files">
      <UniqueIdentifier>{9961d08a-b039-41a9-9a7e-23d043557695}</UniqueIdentifier>
      <Extensions>mpc;mpb;mwc</Extensions>
    </Filter>
    <Filter Include="Pkgconfig Files">
      <UniqueIdentifier>{d24adf7c-a21d-4eb3-ab38-cb9d55f4270b}</UniqueIdentifier>
      <Extensions>in</Extensions>
    </Filter>
    <Filter Include="Inline Files">
      <UniqueIdentifier>{73325373-8aef-4e09-8123-710ea7b3d1df}</UniqueIdentifier>
      <Extensions>i;inl</Extensions>
    </Filter>
  </ItemGroup>
  <ItemGroup>
    <ClCompile Include="Entity_Manager.cpp">
      <Filter>Source Files</Filter>
    </ClCompile>
    <ClCompile Include="Parser.cpp">
      <Filter>Source Files</Filter>
    </ClCompile>
    <ClCompile Include="ParserContext.cpp">
      <Filter>Source Files</Filter>
    </ClCompile>
    <ClCompile Include="ParserInternals.cpp">
      <Filter>Source Files</Filter>
    </ClCompile>
  </ItemGroup>
  <ItemGroup>
    <ClInclude Include="Entity_Manager.h">
      <Filter>Header Files</Filter>
    </ClInclude>
    <ClInclude Include="Parser.h">
      <Filter>Header Files</Filter>
    </ClInclude>
    <ClInclude Include="Parser_export.h">
      <Filter>Header Files</Filter>
    </ClInclude>
    <ClInclude Include="ParserContext.h">
      <Filter>Header Files</Filter>
    </ClInclude>
    <ClInclude Include="ParserInternals.h">
      <Filter>Header Files</Filter>
    </ClInclude>
  </ItemGroup>
  <ItemGroup>
    <None Include="parser.mpc">
      <Filter>Build Files</Filter>
    </None>
    <None Include="ACEXML_Parser.pc.in">
      <Filter>Pkgconfig Files</Filter>
    </None>
    <None Include="Entity_Manager.inl">
      <Filter>Inline Files</Filter>
    </None>
    <None Include="Parser.inl">
      <Filter>Inline Files</Filter>
    </None>
    <None Include="ParserContext.inl">
      <Filter>Inline Files</Filter>
    </None>
  </ItemGroup>
</Project>