
Microsoft Visual Studio Solution File, Format Version 9.00
# Visual Studio 2005
# $Id: VC8WorkspaceCreator.pm 1456 2008-07-18 16:05:54Z elliott_c $
#
# This file was generated by MPC.  Any changes made directly to
# this file will be lost the next time it is generated.
#
# MPC Command:
# /export/anduriltmp/bczar/DOC_ROOT/stage-4495/ACE_wrappers/bin/mwc.pl -type vc8 -static -name_modifier "*_vc8_Static" -apply_project -exclude TAO/CIAO -recurse -hierarchy -relative ACE_ROOT=/export/anduriltmp/bczar/DOC_ROOT/stage-4495/ACE_wrappers -relative TAO_ROOT=/export/anduriltmp/bczar/DOC_ROOT/stage-4495/ACE_wrappers/TAO -relative CIAO_ROOT=/export/anduriltmp/bczar/DOC_ROOT/stage-4495/ACE_wrappers/TAO/CIAO
Project("{8BC9CEB8-8B4A-11D0-8D11-00A0C91BC942}") = "HTBP_vc8_Static", "ace\HTBP\HTBP_vc8_Static.vcproj", "{10702735-FECA-1BAD-D072-8A6765C63458}"
EndProject
Project("{8BC9CEB8-8B4A-11D0-8D11-00A0C91BC942}") = "RMCast_vc8_Static", "ace\RMCast\RMCast_vc8_Static.vcproj", "{7DF61330-FECA-1BAD-5646-8F0AC78D7E21}"
EndProject
Project("{8BC9CEB8-8B4A-11D0-8D11-00A0C91BC942}") = "TMCast_vc8_Static", "ace\TMCast\TMCast_vc8_Static.vcproj", "{1DF61330-FECA-1BAD-5646-8F6AC7ED7E21}"
EndProject
Project("{8BC9CEB8-8B4A-11D0-8D11-00A0C91BC942}") = "Send_Msg_Receiver_vc8_Static", "examples\RMCast\Send_Msg\Send_Msg_Receiver_vc8_Static.vcproj", "{5CE50A4E-FECA-1BAD-BA50-D9E2CBD35034}"
	ProjectSection(ProjectDependencies) = postProject
		{7DF61330-FECA-1BAD-5646-8F0AC78D7E21} = {7DF61330-FECA-1BAD-5646-8F0AC78D7E21}
	EndProjectSection
EndProject
Project("{8BC9CEB8-8B4A-11D0-8D11-00A0C91BC942}") = "Send_Msg_Sender_vc8_Static", "examples\RMCast\Send_Msg\Send_Msg_Sender_vc8_Static.vcproj", "{7F39D04A-FECA-1BAD-BA50-D9E2CBD35034}"
	ProjectSection(ProjectDependencies) = postProject
		{7DF61330-FECA-1BAD-5646-8F0AC78D7E21} = {7DF61330-FECA-1BAD-5646-8F0AC78D7E21}
	EndProjectSection
EndProject
Project("{8BC9CEB8-8B4A-11D0-8D11-00A0C91BC942}") = "Member_vc8_Static", "examples\TMCast\Member\Member_vc8_Static.vcproj", "{A7147531-FECA-1BAD-B420-8ED0622DE6C8}"
	ProjectSection(ProjectDependencies) = postProject
		{1DF61330-FECA-1BAD-5646-8F6AC7ED7E21} = {1DF61330-FECA-1BAD-5646-8F6AC7ED7E21}
	EndProjectSection
EndProject
Project("{8BC9CEB8-8B4A-11D0-8D11-00A0C91BC942}") = "Reactor_Tests_Client_vc8_Static", "tests\HTBP\Reactor_Tests\Reactor_Tests_Client_vc8_Static.vcproj", "{3132F476-FECA-1BAD-1373-0D95C7F8EC88}"
	ProjectSection(ProjectDependencies) = postProject
		{10702735-FECA-1BAD-D072-8A6765C63458} = {10702735-FECA-1BAD-D072-8A6765C63458}
	EndProjectSection
EndProject
Project("{8BC9CEB8-8B4A-11D0-8D11-00A0C91BC942}") = "Reactor_Tests_Server_vc8_Static", "tests\HTBP\Reactor_Tests\Reactor_Tests_Server_vc8_Static.vcproj", "{39914277-FECA-1BAD-1373-0D95C7F8EC88}"
	ProjectSection(ProjectDependencies) = postProject
		{10702735-FECA-1BAD-D072-8A6765C63458} = {10702735-FECA-1BAD-D072-8A6765C63458}
	EndProjectSection
EndProject
Project("{8BC9CEB8-8B4A-11D0-8D11-00A0C91BC942}") = "Send_Large_Msg_Client_vc8_Static", "tests\HTBP\Send_Large_Msg\Send_Large_Msg_Client_vc8_Static.vcproj", "{5A607DB8-FECA-1BAD-3BEF-EB2061ACC479}"
	ProjectSection(ProjectDependencies) = postProject
		{10702735-FECA-1BAD-D072-8A6765C63458} = {10702735-FECA-1BAD-D072-8A6765C63458}
	EndProjectSection
EndProject
Project("{8BC9CEB8-8B4A-11D0-8D11-00A0C91BC942}") = "Send_Large_Msg_Server_vc8_Static", "tests\HTBP\Send_Large_Msg\Send_Large_Msg_Server_vc8_Static.vcproj", "{52C3CBB9-FECA-1BAD-3BEF-EB2061ACC479}"
	ProjectSection(ProjectDependencies) = postProject
		{10702735-FECA-1BAD-D072-8A6765C63458} = {10702735-FECA-1BAD-D072-8A6765C63458}
	EndProjectSection
EndProject
Project("{8BC9CEB8-8B4A-11D0-8D11-00A0C91BC942}") = "SendRecv_Test_Client_vc8_Static", "tests\HTBP\Send_Recv_Tests\SendRecv_Test_Client_vc8_Static.vcproj", "{08A2666D-FECA-1BAD-1A52-BE0C1865C730}"
	ProjectSection(ProjectDependencies) = postProject
		{10702735-FECA-1BAD-D072-8A6765C63458} = {10702735-FECA-1BAD-D072-8A6765C63458}
	EndProjectSection
EndProject
Project("{8BC9CEB8-8B4A-11D0-8D11-00A0C91BC942}") = "SendRecv_Test_Server_vc8_Static", "tests\HTBP\Send_Recv_Tests\SendRecv_Test_Server_vc8_Static.vcproj", "{0001D06C-FECA-1BAD-1A52-BE0C1865C730}"
	ProjectSection(ProjectDependencies) = postProject
		{10702735-FECA-1BAD-D072-8A6765C63458} = {10702735-FECA-1BAD-D072-8A6765C63458}
	EndProjectSection
EndProject
Project("{8BC9CEB8-8B4A-11D0-8D11-00A0C91BC942}") = "Ping_Client_vc8_Static", "tests\HTBP\ping\Ping_Client_vc8_Static.vcproj", "{4E053B1E-FECA-1BAD-6F85-8A6494078078}"
	ProjectSection(ProjectDependencies) = postProject
		{10702735-FECA-1BAD-D072-8A6765C63458} = {10702735-FECA-1BAD-D072-8A6765C63458}
	EndProjectSection
EndProject
Project("{8BC9CEB8-8B4A-11D0-8D11-00A0C91BC942}") = "Ping_Server_vc8_Static", "tests\HTBP\ping\Ping_Server_vc8_Static.vcproj", "{46A68D1F-FECA-1BAD-6F85-8A6494078078}"
	ProjectSection(ProjectDependencies) = postProject
		{10702735-FECA-1BAD-D072-8A6765C63458} = {10702735-FECA-1BAD-D072-8A6765C63458}
	EndProjectSection
EndProject
Project("{8BC9CEB8-8B4A-11D0-8D11-00A0C91BC942}") = "RMCast_Receiver_vc8_Static", "tests\RMCast\RMCast_Receiver_vc8_Static.vcproj", "{D2246F20-FECA-1BAD-5646-8F0AFE4064BA}"
	ProjectSection(ProjectDependencies) = postProject
		{7DF61330-FECA-1BAD-5646-8F0AC78D7E21} = {7DF61330-FECA-1BAD-5646-8F0AC78D7E21}
	EndProjectSection
EndProject
Project("{8BC9CEB8-8B4A-11D0-8D11-00A0C91BC942}") = "RMCast_Sender_vc8_Static", "tests\RMCast\RMCast_Sender_vc8_Static.vcproj", "{11B7112F-FECA-1BAD-5646-8F0AFE4064BA}"
	ProjectSection(ProjectDependencies) = postProject
		{7DF61330-FECA-1BAD-5646-8F0AC78D7E21} = {7DF61330-FECA-1BAD-5646-8F0AC78D7E21}
	EndProjectSection
EndProject
Global
	GlobalSection(SolutionConfigurationPlatforms) = preSolution
		Debug|Win32 = Debug|Win32
		Debug|x64 = Debug|x64
		Release|Win32 = Release|Win32
		Release|x64 = Release|x64
	EndGlobalSection
	GlobalSection(ProjectConfigurationPlatforms) = postSolution
		{10702735-FECA-1BAD-D072-8A6765C63458}.Debug|Win32.ActiveCfg = Debug|Win32
		{10702735-FECA-1BAD-D072-8A6765C63458}.Debug|Win32.Build.0 = Debug|Win32
		{10702735-FECA-1BAD-D072-8A6765C63458}.Debug|x64.ActiveCfg = Debug|x64
		{10702735-FECA-1BAD-D072-8A6765C63458}.Debug|x64.Build.0 = Debug|x64
		{10702735-FECA-1BAD-D072-8A6765C63458}.Release|Win32.ActiveCfg = Release|Win32
		{10702735-FECA-1BAD-D072-8A6765C63458}.Release|Win32.Build.0 = Release|Win32
		{10702735-FECA-1BAD-D072-8A6765C63458}.Release|x64.ActiveCfg = Release|x64
		{10702735-FECA-1BAD-D072-8A6765C63458}.Release|x64.Build.0 = Release|x64
		{7DF61330-FECA-1BAD-5646-8F0AC78D7E21}.Debug|Win32.ActiveCfg = Debug|Win32
		{7DF61330-FECA-1BAD-5646-8F0AC78D7E21}.Debug|Win32.Build.0 = Debug|Win32
		{7DF61330-FECA-1BAD-5646-8F0AC78D7E21}.Debug|x64.ActiveCfg = Debug|x64
		{7DF61330-FECA-1BAD-5646-8F0AC78D7E21}.Debug|x64.Build.0 = Debug|x64
		{7DF61330-FECA-1BAD-5646-8F0AC78D7E21}.Release|Win32.ActiveCfg = Release|Win32
		{7DF61330-FECA-1BAD-5646-8F0AC78D7E21}.Release|Win32.Build.0 = Release|Win32
		{7DF61330-FECA-1BAD-5646-8F0AC78D7E21}.Release|x64.ActiveCfg = Release|x64
		{7DF61330-FECA-1BAD-5646-8F0AC78D7E21}.Release|x64.Build.0 = Release|x64
		{1DF61330-FECA-1BAD-5646-8F6AC7ED7E21}.Debug|Win32.ActiveCfg = Debug|Win32
		{1DF61330-FECA-1BAD-5646-8F6AC7ED7E21}.Debug|Win32.Build.0 = Debug|Win32
		{1DF61330-FECA-1BAD-5646-8F6AC7ED7E21}.Debug|x64.ActiveCfg = Debug|x64
		{1DF61330-FECA-1BAD-5646-8F6AC7ED7E21}.Debug|x64.Build.0 = Debug|x64
		{1DF61330-FECA-1BAD-5646-8F6AC7ED7E21}.Release|Win32.ActiveCfg = Release|Win32
		{1DF61330-FECA-1BAD-5646-8F6AC7ED7E21}.Release|Win32.Build.0 = Release|Win32
		{1DF61330-FECA-1BAD-5646-8F6AC7ED7E21}.Release|x64.ActiveCfg = Release|x64
		{1DF61330-FECA-1BAD-5646-8F6AC7ED7E21}.Release|x64.Build.0 = Release|x64
		{5CE50A4E-FECA-1BAD-BA50-D9E2CBD35034}.Debug|Win32.ActiveCfg = Debug|Win32
		{5CE50A4E-FECA-1BAD-BA50-D9E2CBD35034}.Debug|Win32.Build.0 = Debug|Win32
		{5CE50A4E-FECA-1BAD-BA50-D9E2CBD35034}.Debug|x64.ActiveCfg = Debug|x64
		{5CE50A4E-FECA-1BAD-BA50-D9E2CBD35034}.Debug|x64.Build.0 = Debug|x64
		{5CE50A4E-FECA-1BAD-BA50-D9E2CBD35034}.Release|Win32.ActiveCfg = Release|Win32
		{5CE50A4E-FECA-1BAD-BA50-D9E2CBD35034}.Release|Win32.Build.0 = Release|Win32
		{5CE50A4E-FECA-1BAD-BA50-D9E2CBD35034}.Release|x64.ActiveCfg = Release|x64
		{5CE50A4E-FECA-1BAD-BA50-D9E2CBD35034}.Release|x64.Build.0 = Release|x64
		{7F39D04A-FECA-1BAD-BA50-D9E2CBD35034}.Debug|Win32.ActiveCfg = Debug|Win32
		{7F39D04A-FECA-1BAD-BA50-D9E2CBD35034}.Debug|Win32.Build.0 = Debug|Win32
		{7F39D04A-FECA-1BAD-BA50-D9E2CBD35034}.Debug|x64.ActiveCfg = Debug|x64
		{7F39D04A-FECA-1BAD-BA50-D9E2CBD35034}.Debug|x64.Build.0 = Debug|x64
		{7F39D04A-FECA-1BAD-BA50-D9E2CBD35034}.Release|Win32.ActiveCfg = Release|Win32
		{7F39D04A-FECA-1BAD-BA50-D9E2CBD35034}.Release|Win32.Build.0 = Release|Win32
		{7F39D04A-FECA-1BAD-BA50-D9E2CBD35034}.Release|x64.ActiveCfg = Release|x64
		{7F39D04A-FECA-1BAD-BA50-D9E2CBD35034}.Release|x64.Build.0 = Release|x64
		{A7147531-FECA-1BAD-B420-8ED0622DE6C8}.Debug|Win32.ActiveCfg = Debug|Win32
		{A7147531-FECA-1BAD-B420-8ED0622DE6C8}.Debug|Win32.Build.0 = Debug|Win32
		{A7147531-FECA-1BAD-B420-8ED0622DE6C8}.Debug|x64.ActiveCfg = Debug|x64
		{A7147531-FECA-1BAD-B420-8ED0622DE6C8}.Debug|x64.Build.0 = Debug|x64
		{A7147531-FECA-1BAD-B420-8ED0622DE6C8}.Release|Win32.ActiveCfg = Release|Win32
		{A7147531-FECA-1BAD-B420-8ED0622DE6C8}.Release|Win32.Build.0 = Release|Win32
		{A7147531-FECA-1BAD-B420-8ED0622DE6C8}.Release|x64.ActiveCfg = Release|x64
		{A7147531-FECA-1BAD-B420-8ED0622DE6C8}.Release|x64.Build.0 = Release|x64
		{3132F476-FECA-1BAD-1373-0D95C7F8EC88}.Debug|Win32.ActiveCfg = Debug|Win32
		{3132F476-FECA-1BAD-1373-0D95C7F8EC88}.Debug|Win32.Build.0 = Debug|Win32
		{3132F476-FECA-1BAD-1373-0D95C7F8EC88}.Debug|x64.ActiveCfg = Debug|x64
		{3132F476-FECA-1BAD-1373-0D95C7F8EC88}.Debug|x64.Build.0 = Debug|x64
		{3132F476-FECA-1BAD-1373-0D95C7F8EC88}.Release|Win32.ActiveCfg = Release|Win32
		{3132F476-FECA-1BAD-1373-0D95C7F8EC88}.Release|Win32.Build.0 = Release|Win32
		{3132F476-FECA-1BAD-1373-0D95C7F8EC88}.Release|x64.ActiveCfg = Release|x64
		{3132F476-FECA-1BAD-1373-0D95C7F8EC88}.Release|x64.Build.0 = Release|x64
		{39914277-FECA-1BAD-1373-0D95C7F8EC88}.Debug|Win32.ActiveCfg = Debug|Win32
		{39914277-FECA-1BAD-1373-0D95C7F8EC88}.Debug|Win32.Build.0 = Debug|Win32
		{39914277-FECA-1BAD-1373-0D95C7F8EC88}.Debug|x64.ActiveCfg = Debug|x64
		{39914277-FECA-1BAD-1373-0D95C7F8EC88}.Debug|x64.Build.0 = Debug|x64
		{39914277-FECA-1BAD-1373-0D95C7F8EC88}.Release|Win32.ActiveCfg = Release|Win32
		{39914277-FECA-1BAD-1373-0D95C7F8EC88}.Release|Win32.Build.0 = Release|Win32
		{39914277-FECA-1BAD-1373-0D95C7F8EC88}.Release|x64.ActiveCfg = Release|x64
		{39914277-FECA-1BAD-1373-0D95C7F8EC88}.Release|x64.Build.0 = Release|x64
		{5A607DB8-FECA-1BAD-3BEF-EB2061ACC479}.Debug|Win32.ActiveCfg = Debug|Win32
		{5A607DB8-FECA-1BAD-3BEF-EB2061ACC479}.Debug|Win32.Build.0 = Debug|Win32
		{5A607DB8-FECA-1BAD-3BEF-EB2061ACC479}.Debug|x64.ActiveCfg = Debug|x64
		{5A607DB8-FECA-1BAD-3BEF-EB2061ACC479}.Debug|x64.Build.0 = Debug|x64
		{5A607DB8-FECA-1BAD-3BEF-EB2061ACC479}.Release|Win32.ActiveCfg = Release|Win32
		{5A607DB8-FECA-1BAD-3BEF-EB2061ACC479}.Release|Win32.Build.0 = Release|Win32
		{5A607DB8-FECA-1BAD-3BEF-EB2061ACC479}.Release|x64.ActiveCfg = Release|x64
		{5A607DB8-FECA-1BAD-3BEF-EB2061ACC479}.Release|x64.Build.0 = Release|x64
		{52C3CBB9-FECA-1BAD-3BEF-EB2061ACC479}.Debug|Win32.ActiveCfg = Debug|Win32
		{52C3CBB9-FECA-1BAD-3BEF-EB2061ACC479}.Debug|Win32.Build.0 = Debug|Win32
		{52C3CBB9-FECA-1BAD-3BEF-EB2061ACC479}.Debug|x64.ActiveCfg = Debug|x64
		{52C3CBB9-FECA-1BAD-3BEF-EB2061ACC479}.Debug|x64.Build.0 = Debug|x64
		{52C3CBB9-FECA-1BAD-3BEF-EB2061ACC479}.Release|Win32.ActiveCfg = Release|Win32
		{52C3CBB9-FECA-1BAD-3BEF-EB2061ACC479}.Release|Win32.Build.0 = Release|Win32
		{52C3CBB9-FECA-1BAD-3BEF-EB2061ACC479}.Release|x64.ActiveCfg = Release|x64
		{52C3CBB9-FECA-1BAD-3BEF-EB2061ACC479}.Release|x64.Build.0 = Release|x64
		{08A2666D-FECA-1BAD-1A52-BE0C1865C730}.Debug|Win32.ActiveCfg = Debug|Win32
		{08A2666D-FECA-1BAD-1A52-BE0C1865C730}.Debug|Win32.Build.0 = Debug|Win32
		{08A2666D-FECA-1BAD-1A52-BE0C1865C730}.Debug|x64.ActiveCfg = Debug|x64
		{08A2666D-FECA-1BAD-1A52-BE0C1865C730}.Debug|x64.Build.0 = Debug|x64
		{08A2666D-FECA-1BAD-1A52-BE0C1865C730}.Release|Win32.ActiveCfg = Release|Win32
		{08A2666D-FECA-1BAD-1A52-BE0C1865C730}.Release|Win32.Build.0 = Release|Win32
		{08A2666D-FECA-1BAD-1A52-BE0C1865C730}.Release|x64.ActiveCfg = Release|x64
		{08A2666D-FECA-1BAD-1A52-BE0C1865C730}.Release|x64.Build.0 = Release|x64
		{0001D06C-FECA-1BAD-1A52-BE0C1865C730}.Debug|Win32.ActiveCfg = Debug|Win32
		{0001D06C-FECA-1BAD-1A52-BE0C1865C730}.Debug|Win32.Build.0 = Debug|Win32
		{0001D06C-FECA-1BAD-1A52-BE0C1865C730}.Debug|x64.ActiveCfg = Debug|x64
		{0001D06C-FECA-1BAD-1A52-BE0C1865C730}.Debug|x64.Build.0 = Debug|x64
		{0001D06C-FECA-1BAD-1A52-BE0C1865C730}.Release|Win32.ActiveCfg = Release|Win32
		{0001D06C-FECA-1BAD-1A52-BE0C1865C730}.Release|Win32.Build.0 = Release|Win32
		{0001D06C-FECA-1BAD-1A52-BE0C1865C730}.Release|x64.ActiveCfg = Release|x64
		{0001D06C-FECA-1BAD-1A52-BE0C1865C730}.Release|x64.Build.0 = Release|x64
		{4E053B1E-FECA-1BAD-6F85-8A6494078078}.Debug|Win32.ActiveCfg = Debug|Win32
		{4E053B1E-FECA-1BAD-6F85-8A6494078078}.Debug|Win32.Build.0 = Debug|Win32
		{4E053B1E-FECA-1BAD-6F85-8A6494078078}.Debug|x64.ActiveCfg = Debug|x64
		{4E053B1E-FECA-1BAD-6F85-8A6494078078}.Debug|x64.Build.0 = Debug|x64
		{4E053B1E-FECA-1BAD-6F85-8A6494078078}.Release|Win32.ActiveCfg = Release|Win32
		{4E053B1E-FECA-1BAD-6F85-8A6494078078}.Release|Win32.Build.0 = Release|Win32
		{4E053B1E-FECA-1BAD-6F85-8A6494078078}.Release|x64.ActiveCfg = Release|x64
		{4E053B1E-FECA-1BAD-6F85-8A6494078078}.Release|x64.Build.0 = Release|x64
		{46A68D1F-FECA-1BAD-6F85-8A6494078078}.Debug|Win32.ActiveCfg = Debug|Win32
		{46A68D1F-FECA-1BAD-6F85-8A6494078078}.Debug|Win32.Build.0 = Debug|Win32
		{46A68D1F-FECA-1BAD-6F85-8A6494078078}.Debug|x64.ActiveCfg = Debug|x64
		{46A68D1F-FECA-1BAD-6F85-8A6494078078}.Debug|x64.Build.0 = Debug|x64
		{46A68D1F-FECA-1BAD-6F85-8A6494078078}.Release|Win32.ActiveCfg = Release|Win32
		{46A68D1F-FECA-1BAD-6F85-8A6494078078}.Release|Win32.Build.0 = Release|Win32
		{46A68D1F-FECA-1BAD-6F85-8A6494078078}.Release|x64.ActiveCfg = Release|x64
		{46A68D1F-FECA-1BAD-6F85-8A6494078078}.Release|x64.Build.0 = Release|x64
		{D2246F20-FECA-1BAD-5646-8F0AFE4064BA}.Debug|Win32.ActiveCfg = Debug|Win32
		{D2246F20-FECA-1BAD-5646-8F0AFE4064BA}.Debug|Win32.Build.0 = Debug|Win32
		{D2246F20-FECA-1BAD-5646-8F0AFE4064BA}.Debug|x64.ActiveCfg = Debug|x64
		{D2246F20-FECA-1BAD-5646-8F0AFE4064BA}.Debug|x64.Build.0 = Debug|x64
		{D2246F20-FECA-1BAD-5646-8F0AFE4064BA}.Release|Win32.ActiveCfg = Release|Win32
		{D2246F20-FECA-1BAD-5646-8F0AFE4064BA}.Release|Win32.Build.0 = Release|Win32
		{D2246F20-FECA-1BAD-5646-8F0AFE4064BA}.Release|x64.ActiveCfg = Release|x64
		{D2246F20-FECA-1BAD-5646-8F0AFE4064BA}.Release|x64.Build.0 = Release|x64
		{11B7112F-FECA-1BAD-5646-8F0AFE4064BA}.Debug|Win32.ActiveCfg = Debug|Win32
		{11B7112F-FECA-1BAD-5646-8F0AFE4064BA}.Debug|Win32.Build.0 = Debug|Win32
		{11B7112F-FECA-1BAD-5646-8F0AFE4064BA}.Debug|x64.ActiveCfg = Debug|x64
		{11B7112F-FECA-1BAD-5646-8F0AFE4064BA}.Debug|x64.Build.0 = Debug|x64
		{11B7112F-FECA-1BAD-5646-8F0AFE4064BA}.Release|Win32.ActiveCfg = Release|Win32
		{11B7112F-FECA-1BAD-5646-8F0AFE4064BA}.Release|Win32.Build.0 = Release|Win32
		{11B7112F-FECA-1BAD-5646-8F0AFE4064BA}.Release|x64.ActiveCfg = Release|x64
		{11B7112F-FECA-1BAD-5646-8F0AFE4064BA}.Release|x64.Build.0 = Release|x64
	EndGlobalSection
	GlobalSection(SolutionProperties) = preSolution
		HideSolutionNode = FALSE
	EndGlobalSection
EndGlobal
